
Microsoft Visual Studio Solution File, Format Version 12.00
# Visual Studio Version 17
VisualStudioVersion = 17.0.31903.59
MinimumVisualStudioVersion = 10.0.40219.1
Project("{2150E333-8FDC-42A3-9474-1A3956D46DE8}") = "src", "src", "{782241A9-7B23-4D08-B212-943A6859DB64}"
EndProject
Project("{FAE04EC0-301F-11D3-BF4B-00C04F79EFBC}") = "OpenTelemetry.Api", "src\OpenTelemetryExample.Api\OpenTelemetryExample.Api.csproj", "{9A5F9352-C095-4D9B-8C69-FE4E888AF75D}"
EndProject
Project("{FAE04EC0-301F-11D3-BF4B-00C04F79EFBC}") = "OpenTelemetry.Web", "src\OpenTelemetryExample.Web\OpenTelemetryExample.Web.csproj", "{F378D0F4-6D1B-4FB3-BEAE-E3E7F8817B4D}"
EndProject
Global
	GlobalSection(SolutionConfigurationPlatforms) = preSolution
		Debug|Any CPU = Debug|Any CPU
		Release|Any CPU = Release|Any CPU
	EndGlobalSection
	GlobalSection(SolutionProperties) = preSolution
		HideSolutionNode = FALSE
	EndGlobalSection
	GlobalSection(ProjectConfigurationPlatforms) = postSolution
		{9A5F9352-C095-4D9B-8C69-FE4E888AF75D}.Debug|Any CPU.ActiveCfg = Debug|Any CPU
		{9A5F9352-C095-4D9B-8C69-FE4E888AF75D}.Debug|Any CPU.Build.0 = Debug|Any CPU
		{9A5F9352-C095-4D9B-8C69-FE4E888AF75D}.Release|Any CPU.ActiveCfg = Release|Any CPU
		{9A5F9352-C095-4D9B-8C69-FE4E888AF75D}.Release|Any CPU.Build.0 = Release|Any CPU
		{F378D0F4-6D1B-4FB3-BEAE-E3E7F8817B4D}.Debug|Any CPU.ActiveCfg = Debug|Any CPU
		{F378D0F4-6D1B-4FB3-BEAE-E3E7F8817B4D}.Debug|Any CPU.Build.0 = Debug|Any CPU
		{F378D0F4-6D1B-4FB3-BEAE-E3E7F8817B4D}.Release|Any CPU.ActiveCfg = Release|Any CPU
		{F378D0F4-6D1B-4FB3-BEAE-E3E7F8817B4D}.Release|Any CPU.Build.0 = Release|Any CPU
	EndGlobalSection
	GlobalSection(NestedProjects) = preSolution
		{9A5F9352-C095-4D9B-8C69-FE4E888AF75D} = {782241A9-7B23-4D08-B212-943A6859DB64}
		{F378D0F4-6D1B-4FB3-BEAE-E3E7F8817B4D} = {782241A9-7B23-4D08-B212-943A6859DB64}
	EndGlobalSection
EndGlobal
