
Microsoft Visual Studio Solution File, Format Version 12.00
# Visual Studio Version 17
VisualStudioVersion = 17.4.33205.214
MinimumVisualStudioVersion = 10.0.40219.1
Project("{9A19103F-16F7-4668-BE54-9A1E7A4F7556}") = "DropDonze01", "DropDonze01.csproj", "{B24EA5D8-AA48-423B-A83E-0C15B1431C7B}"
EndProject
Global
	GlobalSection(SolutionConfigurationPlatforms) = preSolution
		Debug|Any CPU = Debug|Any CPU
		Release|Any CPU = Release|Any CPU
	EndGlobalSection
	GlobalSection(ProjectConfigurationPlatforms) = postSolution
		{B24EA5D8-AA48-423B-A83E-0C15B1431C7B}.Debug|Any CPU.ActiveCfg = Debug|Any CPU
		{B24EA5D8-AA48-423B-A83E-0C15B1431C7B}.Debug|Any CPU.Build.0 = Debug|Any CPU
		{B24EA5D8-AA48-423B-A83E-0C15B1431C7B}.Release|Any CPU.ActiveCfg = Release|Any CPU
		{B24EA5D8-AA48-423B-A83E-0C15B1431C7B}.Release|Any CPU.Build.0 = Release|Any CPU
	EndGlobalSection
	GlobalSection(SolutionProperties) = preSolution
		HideSolutionNode = FALSE
	EndGlobalSection
	GlobalSection(ExtensibilityGlobals) = postSolution
		SolutionGuid = {7CEE3FA4-1A20-4666-A178-C9368AC0077F}
	EndGlobalSection
EndGlobal
